
Microsoft Visual Studio Solution File, Format Version 12.00
# Visual Studio Version 17
VisualStudioVersion = 17.0.32014.148
MinimumVisualStudioVersion = 10.0.40219.1
Project("{FAE04EC0-301F-11D3-BF4B-00C04F79EFBC}") = "MunitionsExpert", "MunitionsExpert.csproj", "{C5889536-4EE7-40BC-A8FD-7F1A80C3F3E5}"
EndProject
Global
	GlobalSection(SolutionConfigurationPlatforms) = preSolution
		Debug|Any CPU = Debug|Any CPU
		Release|Any CPU = Release|Any CPU
	EndGlobalSection
	GlobalSection(ProjectConfigurationPlatforms) = postSolution
		{C5889536-4EE7-40BC-A8FD-7F1A80C3F3E5}.Debug|Any CPU.ActiveCfg = Debug|Any CPU
		{C5889536-4EE7-40BC-A8FD-7F1A80C3F3E5}.Debug|Any CPU.Build.0 = Debug|Any CPU
		{C5889536-4EE7-40BC-A8FD-7F1A80C3F3E5}.Release|Any CPU.ActiveCfg = Release|Any CPU
		{C5889536-4EE7-40BC-A8FD-7F1A80C3F3E5}.Release|Any CPU.Build.0 = Release|Any CPU
	EndGlobalSection
	GlobalSection(SolutionProperties) = preSolution
		HideSolutionNode = FALSE
	EndGlobalSection
	GlobalSection(ExtensibilityGlobals) = postSolution
		SolutionGuid = {C4FBDDAB-36FB-44F2-8D1D-4E7AF0E20BF1}
	EndGlobalSection
EndGlobal
